
Microsoft Visual Studio Solution File, Format Version 12.00
# Visual Studio Version 17
VisualStudioVersion = 17.0.31903.59
MinimumVisualStudioVersion = 10.0.40219.1
Project("{FAE04EC0-301F-11D3-BF4B-00C04F79EFBC}") = "AskMyNotes", "AskMyNotes.csproj", "{E24A6C6A-97C8-4BE1-B254-C05020D067D2}"
EndProject
Project("{2150E333-8FDC-42A3-9474-1A3956D46DE8}") = "tests", "tests", "{0AB3BF05-4346-4AA6-1389-037BE0695223}"
EndProject
Project("{FAE04EC0-301F-11D3-BF4B-00C04F79EFBC}") = "AskMyNotes.Tests", "tests\AskMyNotes.Tests\AskMyNotes.Tests.csproj", "{B1EC8C26-2A78-4EC8-898F-289EA3B1C5AA}"
EndProject
Global
	GlobalSection(SolutionConfigurationPlatforms) = preSolution
		Debug|Any CPU = Debug|Any CPU
		Debug|x64 = Debug|x64
		Debug|x86 = Debug|x86
		Release|Any CPU = Release|Any CPU
		Release|x64 = Release|x64
		Release|x86 = Release|x86
	EndGlobalSection
	GlobalSection(ProjectConfigurationPlatforms) = postSolution
		{E24A6C6A-97C8-4BE1-B254-C05020D067D2}.Debug|Any CPU.ActiveCfg = Debug|Any CPU
		{E24A6C6A-97C8-4BE1-B254-C05020D067D2}.Debug|Any CPU.Build.0 = Debug|Any CPU
		{E24A6C6A-97C8-4BE1-B254-C05020D067D2}.Debug|x64.ActiveCfg = Debug|Any CPU
		{E24A6C6A-97C8-4BE1-B254-C05020D067D2}.Debug|x64.Build.0 = Debug|Any CPU
		{E24A6C6A-97C8-4BE1-B254-C05020D067D2}.Debug|x86.ActiveCfg = Debug|Any CPU
		{E24A6C6A-97C8-4BE1-B254-C05020D067D2}.Debug|x86.Build.0 = Debug|Any CPU
		{E24A6C6A-97C8-4BE1-B254-C05020D067D2}.Release|Any CPU.ActiveCfg = Release|Any CPU
		{E24A6C6A-97C8-4BE1-B254-C05020D067D2}.Release|Any CPU.Build.0 = Release|Any CPU
		{E24A6C6A-97C8-4BE1-B254-C05020D067D2}.Release|x64.ActiveCfg = Release|Any CPU
		{E24A6C6A-97C8-4BE1-B254-C05020D067D2}.Release|x64.Build.0 = Release|Any CPU
		{E24A6C6A-97C8-4BE1-B254-C05020D067D2}.Release|x86.ActiveCfg = Release|Any CPU
		{E24A6C6A-97C8-4BE1-B254-C05020D067D2}.Release|x86.Build.0 = Release|Any CPU
		{B1EC8C26-2A78-4EC8-898F-289EA3B1C5AA}.Debug|Any CPU.ActiveCfg = Debug|Any CPU
		{B1EC8C26-2A78-4EC8-898F-289EA3B1C5AA}.Debug|Any CPU.Build.0 = Debug|Any CPU
		{B1EC8C26-2A78-4EC8-898F-289EA3B1C5AA}.Debug|x64.ActiveCfg = Debug|Any CPU
		{B1EC8C26-2A78-4EC8-898F-289EA3B1C5AA}.Debug|x64.Build.0 = Debug|Any CPU
		{B1EC8C26-2A78-4EC8-898F-289EA3B1C5AA}.Debug|x86.ActiveCfg = Debug|Any CPU
		{B1EC8C26-2A78-4EC8-898F-289EA3B1C5AA}.Debug|x86.Build.0 = Debug|Any CPU
		{B1EC8C26-2A78-4EC8-898F-289EA3B1C5AA}.Release|Any CPU.ActiveCfg = Release|Any CPU
		{B1EC8C26-2A78-4EC8-898F-289EA3B1C5AA}.Release|Any CPU.Build.0 = Release|Any CPU
		{B1EC8C26-2A78-4EC8-898F-289EA3B1C5AA}.Release|x64.ActiveCfg = Release|Any CPU
		{B1EC8C26-2A78-4EC8-898F-289EA3B1C5AA}.Release|x64.Build.0 = Release|Any CPU
		{B1EC8C26-2A78-4EC8-898F-289EA3B1C5AA}.Release|x86.ActiveCfg = Release|Any CPU
		{B1EC8C26-2A78-4EC8-898F-289EA3B1C5AA}.Release|x86.Build.0 = Release|Any CPU
	EndGlobalSection
	GlobalSection(SolutionProperties) = preSolution
		HideSolutionNode = FALSE
	EndGlobalSection
	GlobalSection(NestedProjects) = preSolution
		{B1EC8C26-2A78-4EC8-898F-289EA3B1C5AA} = {0AB3BF05-4346-4AA6-1389-037BE0695223}
	EndGlobalSection
EndGlobal
